github.com/mlixytz/go-algorithm v0.0.0-20201101080916-3e6fc190ed74 h1:Vb/1oPA5P2dmwYhgjPdzEmRfgse6sTEgxDMEftyU6Gw=
github.com/mlixytz/learning-go v0.0.0-20201101080916-3e6fc190ed74 h1:DV4b5Yin3sVRn1ZWLjmkjgsABTCJTXZWyItDxdICJTo=
github.com/mlixytz/learning-go v0.0.0-20201101080916-3e6fc190ed74/go.mod h1:uy7HF5torFLfonQiPL7J1qwuvdv2fjew6JghmPXIMT4=
